// !$*UTF8*$!
{
	archiveVersion = 1;
	classes = {
	};
	objectVersion = 50;
	objects = {

/* Begin PBXBuildFile section */
		CC587A692330DC89009A3905 /* AppDelegate.swift in Sources */ = {isa = PBXBuildFile; fileRef = CC587A682330DC89009A3905 /* AppDelegate.swift */; };
		CC587A6D2330DC89009A3905 /* ViewController.swift in Sources */ = {isa = PBXBuildFile; fileRef = CC587A6C2330DC89009A3905 /* ViewController.swift */; };
		CC587A702330DC89009A3905 /* Main.storyboard in Resources */ = {isa = PBXBuildFile; fileRef = CC587A6E2330DC89009A3905 /* Main.storyboard */; };
		CC587A722330DC8A009A3905 /* Assets.xcassets in Resources */ = {isa = PBXBuildFile; fileRef = CC587A712330DC8A009A3905 /* Assets.xcassets */; };
		CC587A752330DC8A009A3905 /* LaunchScreen.storyboard in Resources */ = {isa = PBXBuildFile; fileRef = CC587A732330DC8A009A3905 /* LaunchScreen.storyboard */; };
/* End PBXBuildFile section */

/* Begin PBXFileReference section */
		CC587A652330DC89009A3905 /* Reactify.app */ = {isa = PBXFileReference; explicitFileType = wrapper.application; includeInIndex = 0; path = Reactify.app; sourceTree = BUILT_PRODUCTS_DIR; };
		CC587A682330DC89009A3905 /* AppDelegate.swift */ = {isa = PBXFileReference; lastKnownFileType = sourcecode.swift; path = AppDelegate.swift; sourceTree = "<group>"; };
		CC587A6C2330DC89009A3905 /* ViewController.swift */ = {isa = PBXFileReference; lastKnownFileType = sourcecode.swift; path = ViewController.swift; sourceTree = "<group>"; };
		CC587A6F2330DC89009A3905 /* Base */ = {isa = PBXFileReference; lastKnownFileType = file.storyboard; name = Base; path = Base.lproj/Main.storyboard; sourceTree = "<group>"; };
		CC587A712330DC8A009A3905 /* Assets.xcassets */ = {isa = PBXFileReference; lastKnownFileType = folder.assetcatalog; path = Assets.xcassets; sourceTree = "<group>"; };
		CC587A742330DC8A009A3905 /* Base */ = {isa = PBXFileReference; lastKnownFileType = file.storyboard; name = Base; path = Base.lproj/LaunchScreen.storyboard; sourceTree = "<group>"; };
		CC587A762330DC8A009A3905 /* Info.plist */ = {isa = PBXFileReference; lastKnownFileType = text.plist.xml; path = Info.plist; sourceTree = "<group>"; };
/* End PBXFileReference section */

/* Begin PBXFrameworksBuildPhase section */
		CC587A622330DC89009A3905 /* Frameworks */ = {
			isa = PBXFrameworksBuildPhase;
			buildActionMask = 2147483647;
			files = (
			);
			runOnlyForDeploymentPostprocessing = 0;
		};
/* End PBXFrameworksBuildPhase section */

/* Begin PBXGroup section */
		CC587A5C2330DC89009A3905 = {
			isa = PBXGroup;
			children = (
				CC587A672330DC89009A3905 /* Reactify */,
				CC587A662330DC89009A3905 /* Products */,
			);
			sourceTree = "<group>";
		};
		CC587A662330DC89009A3905 /* Products */ = {
			isa = PBXGroup;
			children = (
				CC587A652330DC89009A3905 /* Reactify.app */,
			);
			name = Products;
			sourceTree = "<group>";
		};
		CC587A672330DC89009A3905 /* Reactify */ = {
			isa = PBXGroup;
			children = (
				CC587A802330DCF8009A3905 /* Application Delegate */,
				CC587A7F2330DCC3009A3905 /* View Controllers */,
				CC587A7E2330DCB8009A3905 /* Storyboards */,
				CC587A7D2330DCA5009A3905 /* Resources */,
				CC587A7C2330DC9C009A3905 /* Supporting Files */,
			);
			path = Reactify;
			sourceTree = "<group>";
		};
		CC587A7C2330DC9C009A3905 /* Supporting Files */ = {
			isa = PBXGroup;
			children = (
				CC587A762330DC8A009A3905 /* Info.plist */,
			);
			path = "Supporting Files";
			sourceTree = "<group>";
		};
		CC587A7D2330DCA5009A3905 /* Resources */ = {
			isa = PBXGroup;
			children = (
				CC587A712330DC8A009A3905 /* Assets.xcassets */,
			);
			path = Resources;
			sourceTree = "<group>";
		};
		CC587A7E2330DCB8009A3905 /* Storyboards */ = {
			isa = PBXGroup;
			children = (
				CC587A6E2330DC89009A3905 /* Main.storyboard */,
				CC587A732330DC8A009A3905 /* LaunchScreen.storyboard */,
			);
			path = Storyboards;
			sourceTree = "<group>";
		};
		CC587A7F2330DCC3009A3905 /* View Controllers */ = {
			isa = PBXGroup;
			children = (
				CC587A6C2330DC89009A3905 /* ViewController.swift */,
			);
			path = "View Controllers";
			sourceTree = "<group>";
		};
		CC587A802330DCF8009A3905 /* Application Delegate */ = {
			isa = PBXGroup;
			children = (
				CC587A682330DC89009A3905 /* AppDelegate.swift */,
			);
			path = "Application Delegate";
			sourceTree = "<group>";
		};
/* End PBXGroup section */

/* Begin PBXNativeTarget section */
		CC587A642330DC89009A3905 /* Reactify */ = {
			isa = PBXNativeTarget;
			buildConfigurationList = CC587A792330DC8A009A3905 /* Build configuration list for PBXNativeTarget "Reactify" */;
			buildPhases = (
				CC587A612330DC89009A3905 /* Sources */,
				CC587A622330DC89009A3905 /* Frameworks */,
				CC587A632330DC89009A3905 /* Resources */,
			);
			buildRules = (
			);
			dependencies = (
			);
			name = Reactify;
			productName = Reactify;
			productReference = CC587A652330DC89009A3905 /* Reactify.app */;
			productType = "com.apple.product-type.application";
		};
/* End PBXNativeTarget section */

/* Begin PBXProject section */
		CC587A5D2330DC89009A3905 /* Project object */ = {
			isa = PBXProject;
			attributes = {
				LastSwiftUpdateCheck = 1100;
				LastUpgradeCheck = 1100;
				ORGANIZATIONNAME = Cocoacasts;
				TargetAttributes = {
					CC587A642330DC89009A3905 = {
						CreatedOnToolsVersion = 11.0;
					};
				};
			};
			buildConfigurationList = CC587A602330DC89009A3905 /* Build configuration list for PBXProject "Reactify" */;
			compatibilityVersion = "Xcode 9.3";
			developmentRegion = en;
			hasScannedForEncodings = 0;
			knownRegions = (
				en,
				Base,
			);
			mainGroup = CC587A5C2330DC89009A3905;
			productRefGroup = CC587A662330DC89009A3905 /* Products */;
			projectDirPath = "";
			projectRoot = "";
			targets = (
				CC587A642330DC89009A3905 /* Reactify */,
			);
		};
/* End PBXProject section */

/* Begin PBXResourcesBuildPhase section */
		CC587A632330DC89009A3905 /* Resources */ = {
			isa = PBXResourcesBuildPhase;
			buildActionMask = 2147483647;
			files = (
				CC587A752330DC8A009A3905 /* LaunchScreen.storyboard in Resources */,
				CC587A722330DC8A009A3905 /* Assets.xcassets in Resources */,
				CC587A702330DC89009A3905 /* Main.storyboard in Resources */,
			);
			runOnlyForDeploymentPostprocessing = 0;
		};
/* End PBXResourcesBuildPhase section */

/* Begin PBXSourcesBuildPhase section */
		CC587A612330DC89009A3905 /* Sources */ = {
			isa = PBXSourcesBuildPhase;
			buildActionMask = 2147483647;
			files = (
				CC587A6D2330DC89009A3905 /* ViewController.swift in Sources */,
				CC587A692330DC89009A3905 /* AppDelegate.swift in Sources */,
			);
			runOnlyForDeploymentPostprocessing = 0;
		};
/* End PBXSourcesBuildPhase section */

/* Begin PBXVariantGroup section */
		CC587A6E2330DC89009A3905 /* Main.storyboard */ = {
			isa = PBXVariantGroup;
			children = (
				CC587A6F2330DC89009A3905 /* Base */,
			);
			name = Main.storyboard;
			sourceTree = "<group>";
		};
		CC587A732330DC8A009A3905 /* LaunchScreen.storyboard */ = {
			isa = PBXVariantGroup;
			children = (
				CC587A742330DC8A009A3905 /* Base */,
			);
			name = LaunchScreen.storyboard;
			sourceTree = "<group>";
		};
/* End PBXVariantGroup section */

/* Begin XCBuildConfiguration section */
		CC587A772330DC8A009A3905 /* Debug */ = {
			isa = XCBuildConfiguration;
			buildSettings = {
				ALWAYS_SEARCH_USER_PATHS = NO;
				CLANG_ANALYZER_NONNULL = YES;
				CLANG_ANALYZER_NUMBER_OBJECT_CONVERSION = YES_AGGRESSIVE;
				CLANG_CXX_LANGUAGE_STANDARD = "gnu++14";
				CLANG_CXX_LIBRARY = "libc++";
				CLANG_ENABLE_MODULES = YES;
				CLANG_ENABLE_OBJC_ARC = YES;
				CLANG_ENABLE_OBJC_WEAK = YES;
				CLANG_WARN_BLOCK_CAPTURE_AUTORELEASING = YES;
				CLANG_WARN_BOOL_CONVERSION = YES;
				CLANG_WARN_COMMA = YES;
				CLANG_WARN_CONSTANT_CONVERSION = YES;
				CLANG_WARN_DEPRECATED_OBJC_IMPLEMENTATIONS = YES;
				CLANG_WARN_DIRECT_OBJC_ISA_USAGE = YES_ERROR;
				CLANG_WARN_DOCUMENTATION_COMMENTS = YES;
				CLANG_WARN_EMPTY_BODY = YES;
				CLANG_WARN_ENUM_CONVERSION = YES;
				CLANG_WARN_INFINITE_RECURSION = YES;
				CLANG_WARN_INT_CONVERSION = YES;
				CLANG_WARN_NON_LITERAL_NULL_CONVERSION = YES;
				CLANG_WARN_OBJC_IMPLICIT_RETAIN_SELF = YES;
				CLANG_WARN_OBJC_LITERAL_CONVERSION = YES;
				CLANG_WARN_OBJC_ROOT_CLASS = YES_ERROR;
				CLANG_WARN_RANGE_LOOP_ANALYSIS = YES;
				CLANG_WARN_STRICT_PROTOTYPES = YES;
				CLANG_WARN_SUSPICIOUS_MOVE = YES;
				CLANG_WARN_UNGUARDED_AVAILABILITY = YES_AGGRESSIVE;
				CLANG_WARN_UNREACHABLE_CODE = YES;
				CLANG_WARN__DUPLICATE_METHOD_MATCH = YES;
				COPY_PHASE_STRIP = NO;
				DEBUG_INFORMATION_FORMAT = dwarf;
				ENABLE_STRICT_OBJC_MSGSEND = YES;
				ENABLE_TESTABILITY = YES;
				GCC_C_LANGUAGE_STANDARD = gnu11;
				GCC_DYNAMIC_NO_PIC = NO;
				GCC_NO_COMMON_BLOCKS = YES;
				GCC_OPTIMIZATION_LEVEL = 0;
				GCC_PREPROCESSOR_DEFINITIONS = (
					"DEBUG=1",
					"$(inherited)",
				);
				GCC_WARN_64_TO_32_BIT_CONVERSION = YES;
				GCC_WARN_ABOUT_RETURN_TYPE = YES_ERROR;
				GCC_WARN_UNDECLARED_SELECTOR = YES;
				GCC_WARN_UNINITIALIZED_AUTOS = YES_AGGRESSIVE;
				GCC_WARN_UNUSED_FUNCTION = YES;
				GCC_WARN_UNUSED_VARIABLE = YES;
				IPHONEOS_DEPLOYMENT_TARGET = 13.0;
				MTL_ENABLE_DEBUG_INFO = INCLUDE_SOURCE;
				MTL_FAST_MATH = YES;
				ONLY_ACTIVE_ARCH = YES;
				SDKROOT = iphoneos;
				SWIFT_ACTIVE_COMPILATION_CONDITIONS = DEBUG;
				SWIFT_OPTIMIZATION_LEVEL = "-Onone";
			};
			name = Debug;
		};
		CC587A782330DC8A009A3905 /* Release */ = {
			isa = XCBuildConfiguration;
			buildSettings = {
				ALWAYS_SEARCH_USER_PATHS = NO;
				CLANG_ANALYZER_NONNULL = YES;
				CLANG_ANALYZER_NUMBER_OBJECT_CONVERSION = YES_AGGRESSIVE;
				CLANG_CXX_LANGUAGE_STANDARD = "gnu++14";
				CLANG_CXX_LIBRARY = "libc++";
				CLANG_ENABLE_MODULES = YES;
				CLANG_ENABLE_OBJC_ARC = YES;
				CLANG_ENABLE_OBJC_WEAK = YES;
				CLANG_WARN_BLOCK_CAPTURE_AUTORELEASING = YES;
				CLANG_WARN_BOOL_CONVERSION = YES;
				CLANG_WARN_COMMA = YES;
				CLANG_WARN_CONSTANT_CONVERSION = YES;
				CLANG_WARN_DEPRECATED_OBJC_IMPLEMENTATIONS = YES;
				CLANG_WARN_DIRECT_OBJC_ISA_USAGE = YES_ERROR;
				CLANG_WARN_DOCUMENTATION_COMMENTS = YES;
				CLANG_WARN_EMPTY_BODY = YES;
				CLANG_WARN_ENUM_CONVERSION = YES;
				CLANG_WARN_INFINITE_RECURSION = YES;
				CLANG_WARN_INT_CONVERSION = YES;
				CLANG_WARN_NON_LITERAL_NULL_CONVERSION = YES;
				CLANG_WARN_OBJC_IMPLICIT_RETAIN_SELF = YES;
				CLANG_WARN_OBJC_LITERAL_CONVERSION = YES;
				CLANG_WARN_OBJC_ROOT_CLASS = YES_ERROR;
				CLANG_WARN_RANGE_LOOP_ANALYSIS = YES;
				CLANG_WARN_STRICT_PROTOTYPES = YES;
				CLANG_WARN_SUSPICIOUS_MOVE = YES;
				CLANG_WARN_UNGUARDED_AVAILABILITY = YES_AGGRESSIVE;
				CLANG_WARN_UNREACHABLE_CODE = YES;
				CLANG_WARN__DUPLICATE_METHOD_MATCH = YES;
				COPY_PHASE_STRIP = NO;
				DEBUG_INFORMATION_FORMAT = "dwarf-with-dsym";
				ENABLE_NS_ASSERTIONS = NO;
				ENABLE_STRICT_OBJC_MSGSEND = YES;
				GCC_C_LANGUAGE_STANDARD = gnu11;
				GCC_NO_COMMON_BLOCKS = YES;
				GCC_WARN_64_TO_32_BIT_CONVERSION = YES;
				GCC_WARN_ABOUT_RETURN_TYPE = YES_ERROR;
				GCC_WARN_UNDECLARED_SELECTOR = YES;
				GCC_WARN_UNINITIALIZED_AUTOS = YES_AGGRESSIVE;
				GCC_WARN_UNUSED_FUNCTION = YES;
				GCC_WARN_UNUSED_VARIABLE = YES;
				IPHONEOS_DEPLOYMENT_TARGET = 13.0;
				MTL_ENABLE_DEBUG_INFO = NO;
				MTL_FAST_MATH = YES;
				SDKROOT = iphoneos;
				SWIFT_COMPILATION_MODE = wholemodule;
				SWIFT_OPTIMIZATION_LEVEL = "-O";
				VALIDATE_PRODUCT = YES;
			};
			name = Release;
		};
		CC587A7A2330DC8A009A3905 /* Debug */ = {
			isa = XCBuildConfiguration;
			buildSettings = {
				ASSETCATALOG_COMPILER_APPICON_NAME = AppIcon;
				CODE_SIGN_STYLE = Automatic;
				DEVELOPMENT_TEAM = 2493UGBPKJ;
				INFOPLIST_FILE = "Reactify/Supporting Files/Info.plist";
				IPHONEOS_DEPLOYMENT_TARGET = 12.4;
				LD_RUNPATH_SEARCH_PATHS = (
					"$(inherited)",
					"@executable_path/Frameworks",
				);
				PRODUCT_BUNDLE_IDENTIFIER = com.cocoacasts.Reactify;
				PRODUCT_NAME = "$(TARGET_NAME)";
				SWIFT_VERSION = 5.0;
				TARGETED_DEVICE_FAMILY = "1,2";
			};
			name = Debug;
		};
		CC587A7B2330DC8A009A3905 /* Release */ = {
			isa = XCBuildConfiguration;
			buildSettings = {
				ASSETCATALOG_COMPILER_APPICON_NAME = AppIcon;
				CODE_SIGN_STYLE = Automatic;
				DEVELOPMENT_TEAM = 2493UGBPKJ;
				INFOPLIST_FILE = "Reactify/Supporting Files/Info.plist";
				IPHONEOS_DEPLOYMENT_TARGET = 12.4;
				LD_RUNPATH_SEARCH_PATHS = (
					"$(inherited)",
					"@executable_path/Frameworks",
				);
				PRODUCT_BUNDLE_IDENTIFIER = com.cocoacasts.Reactify;
				PRODUCT_NAME = "$(TARGET_NAME)";
				SWIFT_VERSION = 5.0;
				TARGETED_DEVICE_FAMILY = "1,2";
			};
			name = Release;
		};
/* End XCBuildConfiguration section */

/* Begin XCConfigurationList section */
		CC587A602330DC89009A3905 /* Build configuration list for PBXProject "Reactify" */ = {
			isa = XCConfigurationList;
			buildConfigurations = (
				CC587A772330DC8A009A3905 /* Debug */,
				CC587A782330DC8A009A3905 /* Release */,
			);
			defaultConfigurationIsVisible = 0;
			defaultConfigurationName = Release;
		};
		CC587A792330DC8A009A3905 /* Build configuration list for PBXNativeTarget "Reactify" */ = {
			isa = XCConfigurationList;
			buildConfigurations = (
				CC587A7A2330DC8A009A3905 /* Debug */,
				CC587A7B2330DC8A009A3905 /* Release */,
			);
			defaultConfigurationIsVisible = 0;
			defaultConfigurationName = Release;
		};
/* End XCConfigurationList section */
	};
	rootObject = CC587A5D2330DC89009A3905 /* Project object */;
}
